
Microsoft Visual Studio Solution File, Format Version 12.00
# Visual Studio Version 16
VisualStudioVersion = 16.0.29806.167
MinimumVisualStudioVersion = 10.0.40219.1
Project("{9A19103F-16F7-4668-BE54-9A1E7A4F7556}") = "NetCoreGrpcIntegrationTests.Proto", "NetCoreGrpcIntegrationTests.Proto\NetCoreGrpcIntegrationTests.Proto.csproj", "{79ED0924-BC24-4332-AF37-2FA5E41F5BD5}"
EndProject
Project("{9A19103F-16F7-4668-BE54-9A1E7A4F7556}") = "NetCoreGrpcIntegrationTests.ConsoleClientApp", "NetCoreGrpcIntegrationTests.ConsoleClientApp\NetCoreGrpcIntegrationTests.ConsoleClientApp.csproj", "{800864CA-6CF9-4363-823F-A935FA1E42D2}"
EndProject
Project("{9A19103F-16F7-4668-BE54-9A1E7A4F7556}") = "NetCoreGrpcIntegrationTests.AspNetCoreServerApp.Tests", "NetCoreGrpcIntegrationTests.AspNetCoreServerApp.Tests\NetCoreGrpcIntegrationTests.AspNetCoreServerApp.Tests.csproj", "{E7B966B9-FCD8-48F3-B0F4-4CE877870C99}"
EndProject
Project("{9A19103F-16F7-4668-BE54-9A1E7A4F7556}") = "NetCoreGrpcIntegrationTests.AspNetCoreServerApp", "NetCoreGrpcIntegrationTests.AspNetCoreServerApp\NetCoreGrpcIntegrationTests.AspNetCoreServerApp.csproj", "{E60A1004-01D3-4EB3-A35B-A47DC352554F}"
EndProject
Global
	GlobalSection(SolutionConfigurationPlatforms) = preSolution
		Debug|Any CPU = Debug|Any CPU
		Release|Any CPU = Release|Any CPU
	EndGlobalSection
	GlobalSection(ProjectConfigurationPlatforms) = postSolution
		{79ED0924-BC24-4332-AF37-2FA5E41F5BD5}.Debug|Any CPU.ActiveCfg = Debug|Any CPU
		{79ED0924-BC24-4332-AF37-2FA5E41F5BD5}.Debug|Any CPU.Build.0 = Debug|Any CPU
		{79ED0924-BC24-4332-AF37-2FA5E41F5BD5}.Release|Any CPU.ActiveCfg = Release|Any CPU
		{79ED0924-BC24-4332-AF37-2FA5E41F5BD5}.Release|Any CPU.Build.0 = Release|Any CPU
		{800864CA-6CF9-4363-823F-A935FA1E42D2}.Debug|Any CPU.ActiveCfg = Debug|Any CPU
		{800864CA-6CF9-4363-823F-A935FA1E42D2}.Debug|Any CPU.Build.0 = Debug|Any CPU
		{800864CA-6CF9-4363-823F-A935FA1E42D2}.Release|Any CPU.ActiveCfg = Release|Any CPU
		{800864CA-6CF9-4363-823F-A935FA1E42D2}.Release|Any CPU.Build.0 = Release|Any CPU
		{E7B966B9-FCD8-48F3-B0F4-4CE877870C99}.Debug|Any CPU.ActiveCfg = Debug|Any CPU
		{E7B966B9-FCD8-48F3-B0F4-4CE877870C99}.Debug|Any CPU.Build.0 = Debug|Any CPU
		{E7B966B9-FCD8-48F3-B0F4-4CE877870C99}.Release|Any CPU.ActiveCfg = Release|Any CPU
		{E7B966B9-FCD8-48F3-B0F4-4CE877870C99}.Release|Any CPU.Build.0 = Release|Any CPU
		{E60A1004-01D3-4EB3-A35B-A47DC352554F}.Debug|Any CPU.ActiveCfg = Debug|Any CPU
		{E60A1004-01D3-4EB3-A35B-A47DC352554F}.Debug|Any CPU.Build.0 = Debug|Any CPU
		{E60A1004-01D3-4EB3-A35B-A47DC352554F}.Release|Any CPU.ActiveCfg = Release|Any CPU
		{E60A1004-01D3-4EB3-A35B-A47DC352554F}.Release|Any CPU.Build.0 = Release|Any CPU
	EndGlobalSection
	GlobalSection(SolutionProperties) = preSolution
		HideSolutionNode = FALSE
	EndGlobalSection
	GlobalSection(ExtensibilityGlobals) = postSolution
		SolutionGuid = {F702D7F7-1F04-43E3-8BD9-B7939E571372}
	EndGlobalSection
EndGlobal
